
Microsoft Visual Studio Solution File, Format Version 12.00
# Visual Studio 14
VisualStudioVersion = 14.0.25123.0
MinimumVisualStudioVersion = 10.0.40219.1
Project("{FAE04EC0-301F-11D3-BF4B-00C04F79EFBC}") = "Build2016Hackathon.Client.Core", "Build2016Hackathon.Client.Core\Build2016Hackathon.Client.Core.csproj", "{C37BC194-6B6F-4EEB-A5B4-C094DEE27A2A}"
EndProject
Project("{FAE04EC0-301F-11D3-BF4B-00C04F79EFBC}") = "Build2016Hackathon.Client.Droid", "Build2016Hackathon.Client.Droid\Build2016Hackathon.Client.Droid.csproj", "{9421827A-6CE0-4869-BF44-7522EDAF68F6}"
EndProject
Project("{FAE04EC0-301F-11D3-BF4B-00C04F79EFBC}") = "Build2016Hackathon.Client.UWP", "Build2016Hackathon.Client.UWP\Build2016Hackathon.Client.UWP.csproj", "{99622E9C-ABE8-4C94-A206-0982CAAE59D9}"
	ProjectSection(ProjectDependencies) = postProject
		{C37BC194-6B6F-4EEB-A5B4-C094DEE27A2A} = {C37BC194-6B6F-4EEB-A5B4-C094DEE27A2A}
	EndProjectSection
EndProject
Project("{9092AA53-FB77-4645-B42D-1CCCA6BD08BD}") = "GS", "GS\GS.njsproj", "{5F1A76E8-3051-4FC0-9B2B-4A8C6DD9D1B6}"
EndProject
Project("{9092AA53-FB77-4645-B42D-1CCCA6BD08BD}") = "GE", "GE\GE.njsproj", "{2D1D60CA-AF42-4A43-8E3D-C96148C066E8}"
EndProject
Global
	GlobalSection(SolutionConfigurationPlatforms) = preSolution
		Debug|Any CPU = Debug|Any CPU
		Debug|ARM = Debug|ARM
		Debug|iPhone = Debug|iPhone
		Debug|iPhoneSimulator = Debug|iPhoneSimulator
		Debug|x64 = Debug|x64
		Debug|x86 = Debug|x86
		Release|Any CPU = Release|Any CPU
		Release|ARM = Release|ARM
		Release|iPhone = Release|iPhone
		Release|iPhoneSimulator = Release|iPhoneSimulator
		Release|x64 = Release|x64
		Release|x86 = Release|x86
	EndGlobalSection
	GlobalSection(ProjectConfigurationPlatforms) = postSolution
		{C37BC194-6B6F-4EEB-A5B4-C094DEE27A2A}.Debug|Any CPU.ActiveCfg = Debug|Any CPU
		{C37BC194-6B6F-4EEB-A5B4-C094DEE27A2A}.Debug|Any CPU.Build.0 = Debug|Any CPU
		{C37BC194-6B6F-4EEB-A5B4-C094DEE27A2A}.Debug|ARM.ActiveCfg = Debug|Any CPU
		{C37BC194-6B6F-4EEB-A5B4-C094DEE27A2A}.Debug|ARM.Build.0 = Debug|Any CPU
		{C37BC194-6B6F-4EEB-A5B4-C094DEE27A2A}.Debug|iPhone.ActiveCfg = Debug|Any CPU
		{C37BC194-6B6F-4EEB-A5B4-C094DEE27A2A}.Debug|iPhone.Build.0 = Debug|Any CPU
		{C37BC194-6B6F-4EEB-A5B4-C094DEE27A2A}.Debug|iPhoneSimulator.ActiveCfg = Debug|Any CPU
		{C37BC194-6B6F-4EEB-A5B4-C094DEE27A2A}.Debug|iPhoneSimulator.Build.0 = Debug|Any CPU
		{C37BC194-6B6F-4EEB-A5B4-C094DEE27A2A}.Debug|x64.ActiveCfg = Debug|Any CPU
		{C37BC194-6B6F-4EEB-A5B4-C094DEE27A2A}.Debug|x64.Build.0 = Debug|Any CPU
		{C37BC194-6B6F-4EEB-A5B4-C094DEE27A2A}.Debug|x86.ActiveCfg = Debug|Any CPU
		{C37BC194-6B6F-4EEB-A5B4-C094DEE27A2A}.Debug|x86.Build.0 = Debug|Any CPU
		{C37BC194-6B6F-4EEB-A5B4-C094DEE27A2A}.Release|Any CPU.ActiveCfg = Release|Any CPU
		{C37BC194-6B6F-4EEB-A5B4-C094DEE27A2A}.Release|Any CPU.Build.0 = Release|Any CPU
		{C37BC194-6B6F-4EEB-A5B4-C094DEE27A2A}.Release|ARM.ActiveCfg = Release|Any CPU
		{C37BC194-6B6F-4EEB-A5B4-C094DEE27A2A}.Release|ARM.Build.0 = Release|Any CPU
		{C37BC194-6B6F-4EEB-A5B4-C094DEE27A2A}.Release|iPhone.ActiveCfg = Release|Any CPU
		{C37BC194-6B6F-4EEB-A5B4-C094DEE27A2A}.Release|iPhone.Build.0 = Release|Any CPU
		{C37BC194-6B6F-4EEB-A5B4-C094DEE27A2A}.Release|iPhoneSimulator.ActiveCfg = Release|Any CPU
		{C37BC194-6B6F-4EEB-A5B4-C094DEE27A2A}.Release|iPhoneSimulator.Build.0 = Release|Any CPU
		{C37BC194-6B6F-4EEB-A5B4-C094DEE27A2A}.Release|x64.ActiveCfg = Release|Any CPU
		{C37BC194-6B6F-4EEB-A5B4-C094DEE27A2A}.Release|x64.Build.0 = Release|Any CPU
		{C37BC194-6B6F-4EEB-A5B4-C094DEE27A2A}.Release|x86.ActiveCfg = Release|Any CPU
		{C37BC194-6B6F-4EEB-A5B4-C094DEE27A2A}.Release|x86.Build.0 = Release|Any CPU
		{9421827A-6CE0-4869-BF44-7522EDAF68F6}.Debug|Any CPU.ActiveCfg = Debug|Any CPU
		{9421827A-6CE0-4869-BF44-7522EDAF68F6}.Debug|Any CPU.Build.0 = Debug|Any CPU
		{9421827A-6CE0-4869-BF44-7522EDAF68F6}.Debug|Any CPU.Deploy.0 = Debug|Any CPU
		{9421827A-6CE0-4869-BF44-7522EDAF68F6}.Debug|ARM.ActiveCfg = Debug|Any CPU
		{9421827A-6CE0-4869-BF44-7522EDAF68F6}.Debug|ARM.Build.0 = Debug|Any CPU
		{9421827A-6CE0-4869-BF44-7522EDAF68F6}.Debug|ARM.Deploy.0 = Debug|Any CPU
		{9421827A-6CE0-4869-BF44-7522EDAF68F6}.Debug|iPhone.ActiveCfg = Debug|Any CPU
		{9421827A-6CE0-4869-BF44-7522EDAF68F6}.Debug|iPhone.Build.0 = Debug|Any CPU
		{9421827A-6CE0-4869-BF44-7522EDAF68F6}.Debug|iPhone.Deploy.0 = Debug|Any CPU
		{9421827A-6CE0-4869-BF44-7522EDAF68F6}.Debug|iPhoneSimulator.ActiveCfg = Debug|Any CPU
		{9421827A-6CE0-4869-BF44-7522EDAF68F6}.Debug|iPhoneSimulator.Build.0 = Debug|Any CPU
		{9421827A-6CE0-4869-BF44-7522EDAF68F6}.Debug|iPhoneSimulator.Deploy.0 = Debug|Any CPU
		{9421827A-6CE0-4869-BF44-7522EDAF68F6}.Debug|x64.ActiveCfg = Debug|Any CPU
		{9421827A-6CE0-4869-BF44-7522EDAF68F6}.Debug|x64.Build.0 = Debug|Any CPU
		{9421827A-6CE0-4869-BF44-7522EDAF68F6}.Debug|x64.Deploy.0 = Debug|Any CPU
		{9421827A-6CE0-4869-BF44-7522EDAF68F6}.Debug|x86.ActiveCfg = Debug|Any CPU
		{9421827A-6CE0-4869-BF44-7522EDAF68F6}.Debug|x86.Build.0 = Debug|Any CPU
		{9421827A-6CE0-4869-BF44-7522EDAF68F6}.Debug|x86.Deploy.0 = Debug|Any CPU
		{9421827A-6CE0-4869-BF44-7522EDAF68F6}.Release|Any CPU.ActiveCfg = Release|Any CPU
		{9421827A-6CE0-4869-BF44-7522EDAF68F6}.Release|Any CPU.Build.0 = Release|Any CPU
		{9421827A-6CE0-4869-BF44-7522EDAF68F6}.Release|Any CPU.Deploy.0 = Release|Any CPU
		{9421827A-6CE0-4869-BF44-7522EDAF68F6}.Release|ARM.ActiveCfg = Release|Any CPU
		{9421827A-6CE0-4869-BF44-7522EDAF68F6}.Release|ARM.Build.0 = Release|Any CPU
		{9421827A-6CE0-4869-BF44-7522EDAF68F6}.Release|ARM.Deploy.0 = Release|Any CPU
		{9421827A-6CE0-4869-BF44-7522EDAF68F6}.Release|iPhone.ActiveCfg = Release|Any CPU
		{9421827A-6CE0-4869-BF44-7522EDAF68F6}.Release|iPhone.Build.0 = Release|Any CPU
		{9421827A-6CE0-4869-BF44-7522EDAF68F6}.Release|iPhone.Deploy.0 = Release|Any CPU
		{9421827A-6CE0-4869-BF44-7522EDAF68F6}.Release|iPhoneSimulator.ActiveCfg = Release|Any CPU
		{9421827A-6CE0-4869-BF44-7522EDAF68F6}.Release|iPhoneSimulator.Build.0 = Release|Any CPU
		{9421827A-6CE0-4869-BF44-7522EDAF68F6}.Release|iPhoneSimulator.Deploy.0 = Release|Any CPU
		{9421827A-6CE0-4869-BF44-7522EDAF68F6}.Release|x64.ActiveCfg = Release|Any CPU
		{9421827A-6CE0-4869-BF44-7522EDAF68F6}.Release|x64.Build.0 = Release|Any CPU
		{9421827A-6CE0-4869-BF44-7522EDAF68F6}.Release|x64.Deploy.0 = Release|Any CPU
		{9421827A-6CE0-4869-BF44-7522EDAF68F6}.Release|x86.ActiveCfg = Release|Any CPU
		{9421827A-6CE0-4869-BF44-7522EDAF68F6}.Release|x86.Build.0 = Release|Any CPU
		{9421827A-6CE0-4869-BF44-7522EDAF68F6}.Release|x86.Deploy.0 = Release|Any CPU
		{99622E9C-ABE8-4C94-A206-0982CAAE59D9}.Debug|Any CPU.ActiveCfg = Debug|x86
		{99622E9C-ABE8-4C94-A206-0982CAAE59D9}.Debug|ARM.ActiveCfg = Debug|ARM
		{99622E9C-ABE8-4C94-A206-0982CAAE59D9}.Debug|ARM.Build.0 = Debug|ARM
		{99622E9C-ABE8-4C94-A206-0982CAAE59D9}.Debug|ARM.Deploy.0 = Debug|ARM
		{99622E9C-ABE8-4C94-A206-0982CAAE59D9}.Debug|iPhone.ActiveCfg = Debug|x86
		{99622E9C-ABE8-4C94-A206-0982CAAE59D9}.Debug|iPhoneSimulator.ActiveCfg = Debug|x86
		{99622E9C-ABE8-4C94-A206-0982CAAE59D9}.Debug|x64.ActiveCfg = Debug|x64
		{99622E9C-ABE8-4C94-A206-0982CAAE59D9}.Debug|x64.Build.0 = Debug|x64
		{99622E9C-ABE8-4C94-A206-0982CAAE59D9}.Debug|x64.Deploy.0 = Debug|x64
		{99622E9C-ABE8-4C94-A206-0982CAAE59D9}.Debug|x86.ActiveCfg = Debug|x86
		{99622E9C-ABE8-4C94-A206-0982CAAE59D9}.Debug|x86.Build.0 = Debug|x86
		{99622E9C-ABE8-4C94-A206-0982CAAE59D9}.Debug|x86.Deploy.0 = Debug|x86
		{99622E9C-ABE8-4C94-A206-0982CAAE59D9}.Release|Any CPU.ActiveCfg = Release|x86
		{99622E9C-ABE8-4C94-A206-0982CAAE59D9}.Release|ARM.ActiveCfg = Release|ARM
		{99622E9C-ABE8-4C94-A206-0982CAAE59D9}.Release|ARM.Build.0 = Release|ARM
		{99622E9C-ABE8-4C94-A206-0982CAAE59D9}.Release|ARM.Deploy.0 = Release|ARM
		{99622E9C-ABE8-4C94-A206-0982CAAE59D9}.Release|iPhone.ActiveCfg = Release|x86
		{99622E9C-ABE8-4C94-A206-0982CAAE59D9}.Release|iPhoneSimulator.ActiveCfg = Release|x86
		{99622E9C-ABE8-4C94-A206-0982CAAE59D9}.Release|x64.ActiveCfg = Release|x64
		{99622E9C-ABE8-4C94-A206-0982CAAE59D9}.Release|x64.Build.0 = Release|x64
		{99622E9C-ABE8-4C94-A206-0982CAAE59D9}.Release|x64.Deploy.0 = Release|x64
		{99622E9C-ABE8-4C94-A206-0982CAAE59D9}.Release|x86.ActiveCfg = Release|x86
		{99622E9C-ABE8-4C94-A206-0982CAAE59D9}.Release|x86.Build.0 = Release|x86
		{99622E9C-ABE8-4C94-A206-0982CAAE59D9}.Release|x86.Deploy.0 = Release|x86
		{5F1A76E8-3051-4FC0-9B2B-4A8C6DD9D1B6}.Debug|Any CPU.ActiveCfg = Debug|Any CPU
		{5F1A76E8-3051-4FC0-9B2B-4A8C6DD9D1B6}.Debug|Any CPU.Build.0 = Debug|Any CPU
		{5F1A76E8-3051-4FC0-9B2B-4A8C6DD9D1B6}.Debug|ARM.ActiveCfg = Debug|Any CPU
		{5F1A76E8-3051-4FC0-9B2B-4A8C6DD9D1B6}.Debug|ARM.Build.0 = Debug|Any CPU
		{5F1A76E8-3051-4FC0-9B2B-4A8C6DD9D1B6}.Debug|iPhone.ActiveCfg = Debug|Any CPU
		{5F1A76E8-3051-4FC0-9B2B-4A8C6DD9D1B6}.Debug|iPhone.Build.0 = Debug|Any CPU
		{5F1A76E8-3051-4FC0-9B2B-4A8C6DD9D1B6}.Debug|iPhoneSimulator.ActiveCfg = Debug|Any CPU
		{5F1A76E8-3051-4FC0-9B2B-4A8C6DD9D1B6}.Debug|iPhoneSimulator.Build.0 = Debug|Any CPU
		{5F1A76E8-3051-4FC0-9B2B-4A8C6DD9D1B6}.Debug|x64.ActiveCfg = Debug|Any CPU
		{5F1A76E8-3051-4FC0-9B2B-4A8C6DD9D1B6}.Debug|x64.Build.0 = Debug|Any CPU
		{5F1A76E8-3051-4FC0-9B2B-4A8C6DD9D1B6}.Debug|x86.ActiveCfg = Debug|Any CPU
		{5F1A76E8-3051-4FC0-9B2B-4A8C6DD9D1B6}.Debug|x86.Build.0 = Debug|Any CPU
		{5F1A76E8-3051-4FC0-9B2B-4A8C6DD9D1B6}.Release|Any CPU.ActiveCfg = Release|Any CPU
		{5F1A76E8-3051-4FC0-9B2B-4A8C6DD9D1B6}.Release|Any CPU.Build.0 = Release|Any CPU
		{5F1A76E8-3051-4FC0-9B2B-4A8C6DD9D1B6}.Release|ARM.ActiveCfg = Release|Any CPU
		{5F1A76E8-3051-4FC0-9B2B-4A8C6DD9D1B6}.Release|ARM.Build.0 = Release|Any CPU
		{5F1A76E8-3051-4FC0-9B2B-4A8C6DD9D1B6}.Release|iPhone.ActiveCfg = Release|Any CPU
		{5F1A76E8-3051-4FC0-9B2B-4A8C6DD9D1B6}.Release|iPhone.Build.0 = Release|Any CPU
		{5F1A76E8-3051-4FC0-9B2B-4A8C6DD9D1B6}.Release|iPhoneSimulator.ActiveCfg = Release|Any CPU
		{5F1A76E8-3051-4FC0-9B2B-4A8C6DD9D1B6}.Release|iPhoneSimulator.Build.0 = Release|Any CPU
		{5F1A76E8-3051-4FC0-9B2B-4A8C6DD9D1B6}.Release|x64.ActiveCfg = Release|Any CPU
		{5F1A76E8-3051-4FC0-9B2B-4A8C6DD9D1B6}.Release|x64.Build.0 = Release|Any CPU
		{5F1A76E8-3051-4FC0-9B2B-4A8C6DD9D1B6}.Release|x86.ActiveCfg = Release|Any CPU
		{5F1A76E8-3051-4FC0-9B2B-4A8C6DD9D1B6}.Release|x86.Build.0 = Release|Any CPU
		{2D1D60CA-AF42-4A43-8E3D-C96148C066E8}.Debug|Any CPU.ActiveCfg = Debug|Any CPU
		{2D1D60CA-AF42-4A43-8E3D-C96148C066E8}.Debug|Any CPU.Build.0 = Debug|Any CPU
		{2D1D60CA-AF42-4A43-8E3D-C96148C066E8}.Debug|ARM.ActiveCfg = Debug|Any CPU
		{2D1D60CA-AF42-4A43-8E3D-C96148C066E8}.Debug|ARM.Build.0 = Debug|Any CPU
		{2D1D60CA-AF42-4A43-8E3D-C96148C066E8}.Debug|iPhone.ActiveCfg = Debug|Any CPU
		{2D1D60CA-AF42-4A43-8E3D-C96148C066E8}.Debug|iPhone.Build.0 = Debug|Any CPU
		{2D1D60CA-AF42-4A43-8E3D-C96148C066E8}.Debug|iPhoneSimulator.ActiveCfg = Debug|Any CPU
		{2D1D60CA-AF42-4A43-8E3D-C96148C066E8}.Debug|iPhoneSimulator.Build.0 = Debug|Any CPU
		{2D1D60CA-AF42-4A43-8E3D-C96148C066E8}.Debug|x64.ActiveCfg = Debug|Any CPU
		{2D1D60CA-AF42-4A43-8E3D-C96148C066E8}.Debug|x64.Build.0 = Debug|Any CPU
		{2D1D60CA-AF42-4A43-8E3D-C96148C066E8}.Debug|x86.ActiveCfg = Debug|Any CPU
		{2D1D60CA-AF42-4A43-8E3D-C96148C066E8}.Debug|x86.Build.0 = Debug|Any CPU
		{2D1D60CA-AF42-4A43-8E3D-C96148C066E8}.Release|Any CPU.ActiveCfg = Release|Any CPU
		{2D1D60CA-AF42-4A43-8E3D-C96148C066E8}.Release|Any CPU.Build.0 = Release|Any CPU
		{2D1D60CA-AF42-4A43-8E3D-C96148C066E8}.Release|ARM.ActiveCfg = Release|Any CPU
		{2D1D60CA-AF42-4A43-8E3D-C96148C066E8}.Release|ARM.Build.0 = Release|Any CPU
		{2D1D60CA-AF42-4A43-8E3D-C96148C066E8}.Release|iPhone.ActiveCfg = Release|Any CPU
		{2D1D60CA-AF42-4A43-8E3D-C96148C066E8}.Release|iPhone.Build.0 = Release|Any CPU
		{2D1D60CA-AF42-4A43-8E3D-C96148C066E8}.Release|iPhoneSimulator.ActiveCfg = Release|Any CPU
		{2D1D60CA-AF42-4A43-8E3D-C96148C066E8}.Release|iPhoneSimulator.Build.0 = Release|Any CPU
		{2D1D60CA-AF42-4A43-8E3D-C96148C066E8}.Release|x64.ActiveCfg = Release|Any CPU
		{2D1D60CA-AF42-4A43-8E3D-C96148C066E8}.Release|x64.Build.0 = Release|Any CPU
		{2D1D60CA-AF42-4A43-8E3D-C96148C066E8}.Release|x86.ActiveCfg = Release|Any CPU
		{2D1D60CA-AF42-4A43-8E3D-C96148C066E8}.Release|x86.Build.0 = Release|Any CPU
	EndGlobalSection
	GlobalSection(SolutionProperties) = preSolution
		HideSolutionNode = FALSE
	EndGlobalSection
EndGlobal
